
Microsoft Visual Studio Solution File, Format Version 12.00
# Visual Studio Version 16
VisualStudioVersion = 16.0.31410.357
MinimumVisualStudioVersion = 10.0.40219.1
Project("{FAE04EC0-301F-11D3-BF4B-00C04F79EFBC}") = "GC-CSHARP-GAMEJAM32", "GC-CSHARP-GAMEJAM32\GC-CSHARP-GAMEJAM32.csproj", "{66D5129B-8533-4240-9FDC-5CD57DB948CA}"
EndProject
Global
	GlobalSection(SolutionConfigurationPlatforms) = preSolution
		Debug|Any CPU = Debug|Any CPU
		Release|Any CPU = Release|Any CPU
	EndGlobalSection
	GlobalSection(ProjectConfigurationPlatforms) = postSolution
		{66D5129B-8533-4240-9FDC-5CD57DB948CA}.Debug|Any CPU.ActiveCfg = Debug|Any CPU
		{66D5129B-8533-4240-9FDC-5CD57DB948CA}.Debug|Any CPU.Build.0 = Debug|Any CPU
		{66D5129B-8533-4240-9FDC-5CD57DB948CA}.Release|Any CPU.ActiveCfg = Release|Any CPU
		{66D5129B-8533-4240-9FDC-5CD57DB948CA}.Release|Any CPU.Build.0 = Release|Any CPU
	EndGlobalSection
	GlobalSection(SolutionProperties) = preSolution
		HideSolutionNode = FALSE
	EndGlobalSection
	GlobalSection(ExtensibilityGlobals) = postSolution
		SolutionGuid = {C7F01D18-69EC-416E-9C1E-D7BC9576C35C}
	EndGlobalSection
EndGlobal
